
Microsoft Visual Studio Solution File, Format Version 12.00
# Visual Studio Version 17
VisualStudioVersion = 17.11.35222.181
MinimumVisualStudioVersion = 10.0.40219.1
Project("{FAE04EC0-301F-11D3-BF4B-00C04F79EFBC}") = "BulkyWeb", "BulkyWeb\BulkyWeb.csproj", "{45DEC86D-FE65-43AD-B03C-4B7CCA4B0EBD}"
EndProject
Global
	GlobalSection(SolutionConfigurationPlatforms) = preSolution
		Debug|Any CPU = Debug|Any CPU
		Release|Any CPU = Release|Any CPU
	EndGlobalSection
	GlobalSection(ProjectConfigurationPlatforms) = postSolution
		{45DEC86D-FE65-43AD-B03C-4B7CCA4B0EBD}.Debug|Any CPU.ActiveCfg = Debug|Any CPU
		{45DEC86D-FE65-43AD-B03C-4B7CCA4B0EBD}.Debug|Any CPU.Build.0 = Debug|Any CPU
		{45DEC86D-FE65-43AD-B03C-4B7CCA4B0EBD}.Release|Any CPU.ActiveCfg = Release|Any CPU
		{45DEC86D-FE65-43AD-B03C-4B7CCA4B0EBD}.Release|Any CPU.Build.0 = Release|Any CPU
	EndGlobalSection
	GlobalSection(SolutionProperties) = preSolution
		HideSolutionNode = FALSE
	EndGlobalSection
	GlobalSection(ExtensibilityGlobals) = postSolution
		SolutionGuid = {85380C37-675D-49DE-9A43-3883480BF04F}
	EndGlobalSection
EndGlobal
